
Microsoft Visual Studio Solution File, Format Version 12.00
# Visual Studio Version 17
VisualStudioVersion = 17.5.33627.172
MinimumVisualStudioVersion = 10.0.40219.1
Project("{9A19103F-16F7-4668-BE54-9A1E7A4F7556}") = "SoDMod", "SoDMod.csproj", "{AAD577B1-2C5F-459A-BD8C-EA87F2CA889D}"
EndProject
Global
	GlobalSection(SolutionConfigurationPlatforms) = preSolution
		Debug|Any CPU = Debug|Any CPU
		Release|Any CPU = Release|Any CPU
	EndGlobalSection
	GlobalSection(ProjectConfigurationPlatforms) = postSolution
		{AAD577B1-2C5F-459A-BD8C-EA87F2CA889D}.Debug|Any CPU.ActiveCfg = Debug|Any CPU
		{AAD577B1-2C5F-459A-BD8C-EA87F2CA889D}.Debug|Any CPU.Build.0 = Debug|Any CPU
		{AAD577B1-2C5F-459A-BD8C-EA87F2CA889D}.Release|Any CPU.ActiveCfg = Release|Any CPU
		{AAD577B1-2C5F-459A-BD8C-EA87F2CA889D}.Release|Any CPU.Build.0 = Release|Any CPU
	EndGlobalSection
	GlobalSection(SolutionProperties) = preSolution
		HideSolutionNode = FALSE
	EndGlobalSection
	GlobalSection(ExtensibilityGlobals) = postSolution
		SolutionGuid = {7B4015A1-27E1-4107-9884-21791E4EDCF3}
	EndGlobalSection
EndGlobal
